
Microsoft Visual Studio Solution File, Format Version 12.00
# Visual Studio Version 16
VisualStudioVersion = 16.0.28407.52
MinimumVisualStudioVersion = 10.0.40219.1
Project("{FAE04EC0-301F-11D3-BF4B-00C04F79EFBC}") = "QMNCPLCS7", "QMNCPLCS7\QMNCPLCS7.csproj", "{04F52C18-6771-45A9-A95D-88ECD0F95091}"
EndProject
Global
	GlobalSection(SolutionConfigurationPlatforms) = preSolution
		Debug|Any CPU = Debug|Any CPU
		Release|Any CPU = Release|Any CPU
	EndGlobalSection
	GlobalSection(ProjectConfigurationPlatforms) = postSolution
		{04F52C18-6771-45A9-A95D-88ECD0F95091}.Debug|Any CPU.ActiveCfg = Debug|Any CPU
		{04F52C18-6771-45A9-A95D-88ECD0F95091}.Debug|Any CPU.Build.0 = Debug|Any CPU
		{04F52C18-6771-45A9-A95D-88ECD0F95091}.Release|Any CPU.ActiveCfg = Release|Any CPU
		{04F52C18-6771-45A9-A95D-88ECD0F95091}.Release|Any CPU.Build.0 = Release|Any CPU
	EndGlobalSection
	GlobalSection(SolutionProperties) = preSolution
		HideSolutionNode = FALSE
	EndGlobalSection
	GlobalSection(ExtensibilityGlobals) = postSolution
		SolutionGuid = {474CB91B-935E-48BA-A378-D887313943D3}
	EndGlobalSection
EndGlobal
